// !$*UTF8*$!
{
	archiveVersion = 1;
	classes = {
	};
	objectVersion = 55;
	objects = {

/* Begin PBXBuildFile section */
		C89F6682421CCD19445730F7 /* Pods_OdiazEcommerce.framework in Frameworks */ = {isa = PBXBuildFile; fileRef = C5BEE3CDBC7F24AFCFC7FE2C /* Pods_OdiazEcommerce.framework */; };
		EF0E7F802984320C000F35CF /* Prueba.swift in Sources */ = {isa = PBXBuildFile; fileRef = EF0E7F7E2984320C000F35CF /* Prueba.swift */; };
		EF30CA832975B7CF00A843CB /* GetAllAreaCollectionViewController.swift in Sources */ = {isa = PBXBuildFile; fileRef = EF30CA822975B7CF00A843CB /* GetAllAreaCollectionViewController.swift */; };
		EF30CA862975D92700A843CB /* GetByIdAreaCollectionViewController.swift in Sources */ = {isa = PBXBuildFile; fileRef = EF30CA852975D92700A843CB /* GetByIdAreaCollectionViewController.swift */; };
		EF30CA892975FAEB00A843CB /* GetByIdDepartamentoCollectionViewController.swift in Sources */ = {isa = PBXBuildFile; fileRef = EF30CA882975FAEB00A843CB /* GetByIdDepartamentoCollectionViewController.swift */; };
		EF3F4781296CE67C00681A07 /* UsuarioFromController.swift in Sources */ = {isa = PBXBuildFile; fileRef = EF3F4780296CE67C00681A07 /* UsuarioFromController.swift */; };
		EF3F4784296CE7E600681A07 /* UsuarioViewModel.swift in Sources */ = {isa = PBXBuildFile; fileRef = EF3F4783296CE7E600681A07 /* UsuarioViewModel.swift */; };
		EF59A0D3295F76EE00EDB7C6 /* GetAllTableViewController.swift in Sources */ = {isa = PBXBuildFile; fileRef = EF59A0D2295F76EE00EDB7C6 /* GetAllTableViewController.swift */; };
		EF59A0D6295F773A00EDB7C6 /* ProductoTableViewCell.swift in Sources */ = {isa = PBXBuildFile; fileRef = EF59A0D4295F773A00EDB7C6 /* ProductoTableViewCell.swift */; };
		EF59A0D7295F773A00EDB7C6 /* ProductoTableViewCell.xib in Resources */ = {isa = PBXBuildFile; fileRef = EF59A0D5295F773A00EDB7C6 /* ProductoTableViewCell.xib */; };
		EF6EB4F0296DD70B000CBBF2 /* DepartamentoTableViewCell.xib in Resources */ = {isa = PBXBuildFile; fileRef = EF6EB4EF296DD70B000CBBF2 /* DepartamentoTableViewCell.xib */; };
		EF6EB4F5296DE0AC000CBBF2 /* UsuarioTableViewCelda.swift in Sources */ = {isa = PBXBuildFile; fileRef = EF6EB4F3296DE0AC000CBBF2 /* UsuarioTableViewCelda.swift */; };
		EF6EB4F6296DE0AC000CBBF2 /* UsuarioTableViewCelda.xib in Resources */ = {isa = PBXBuildFile; fileRef = EF6EB4F4296DE0AC000CBBF2 /* UsuarioTableViewCelda.xib */; };
		EF6EB4FA296DF147000CBBF2 /* GetAllUsuarioTableViewController.swift in Sources */ = {isa = PBXBuildFile; fileRef = EF6EB4F9296DF147000CBBF2 /* GetAllUsuarioTableViewController.swift */; };
		EF7B2E0A29803BA300021EEF /* VentaProducto.swift in Sources */ = {isa = PBXBuildFile; fileRef = EF7B2E0929803BA300021EEF /* VentaProducto.swift */; };
		EF7B2E0C29803D5300021EEF /* Ventas.swift in Sources */ = {isa = PBXBuildFile; fileRef = EF7B2E0B29803D5300021EEF /* Ventas.swift */; };
		EF7B2E0E29803E0100021EEF /* MetodoPagos.swift in Sources */ = {isa = PBXBuildFile; fileRef = EF7B2E0D29803E0100021EEF /* MetodoPagos.swift */; };
		EF7B2E112980401300021EEF /* MetodoPagoViewModel.swift in Sources */ = {isa = PBXBuildFile; fileRef = EF7B2E102980401300021EEF /* MetodoPagoViewModel.swift */; };
		EF7B2E132980425800021EEF /* VentasViewController.swift in Sources */ = {isa = PBXBuildFile; fileRef = EF7B2E122980425800021EEF /* VentasViewController.swift */; };
		EF7B2E1529805E1600021EEF /* VentaProductoCarrito.swift in Sources */ = {isa = PBXBuildFile; fileRef = EF7B2E1429805E1600021EEF /* VentaProductoCarrito.swift */; };
		EF7B2E17298066C100021EEF /* VentaViewModel.swift in Sources */ = {isa = PBXBuildFile; fileRef = EF7B2E16298066C100021EEF /* VentaViewModel.swift */; };
		EF7CC46D2981AF5C00BB11CC /* CarritoTableViewCell.swift in Sources */ = {isa = PBXBuildFile; fileRef = EF7CC46B2981AF5C00BB11CC /* CarritoTableViewCell.swift */; };
		EF7CC46E2981AF5C00BB11CC /* CarritoTableViewCell.xib in Resources */ = {isa = PBXBuildFile; fileRef = EF7CC46C2981AF5C00BB11CC /* CarritoTableViewCell.xib */; };
		EF7CC4702981C1BF00BB11CC /* DetallesCeldaTableViewCell.swift in Sources */ = {isa = PBXBuildFile; fileRef = EF7CC46F2981C1BF00BB11CC /* DetallesCeldaTableViewCell.swift */; };
		EF7D60A0295CAAA8006512E8 /* AppDelegate.swift in Sources */ = {isa = PBXBuildFile; fileRef = EF7D609F295CAAA8006512E8 /* AppDelegate.swift */; };
		EF7D60A2295CAAA8006512E8 /* SceneDelegate.swift in Sources */ = {isa = PBXBuildFile; fileRef = EF7D60A1295CAAA8006512E8 /* SceneDelegate.swift */; };
		EF7D60A4295CAAA8006512E8 /* ViewController.swift in Sources */ = {isa = PBXBuildFile; fileRef = EF7D60A3295CAAA8006512E8 /* ViewController.swift */; };
		EF7D60A7295CAAA8006512E8 /* Main.storyboard in Resources */ = {isa = PBXBuildFile; fileRef = EF7D60A5295CAAA8006512E8 /* Main.storyboard */; };
		EF7D60AA295CAAA8006512E8 /* OdiazEcommerce.xcdatamodeld in Sources */ = {isa = PBXBuildFile; fileRef = EF7D60A8295CAAA8006512E8 /* OdiazEcommerce.xcdatamodeld */; };
		EF7D60AC295CAAAC006512E8 /* Assets.xcassets in Resources */ = {isa = PBXBuildFile; fileRef = EF7D60AB295CAAAC006512E8 /* Assets.xcassets */; };
		EF7D60AF295CAAAC006512E8 /* LaunchScreen.storyboard in Resources */ = {isa = PBXBuildFile; fileRef = EF7D60AD295CAAAC006512E8 /* LaunchScreen.storyboard */; };
		EF7D60BB295CAB59006512E8 /* DB.swift in Sources */ = {isa = PBXBuildFile; fileRef = EF7D60BA295CAB59006512E8 /* DB.swift */; };
		EF7D60BD295CF45B006512E8 /* Result.swift in Sources */ = {isa = PBXBuildFile; fileRef = EF7D60BC295CF45B006512E8 /* Result.swift */; };
		EF7D60BF295CF4A2006512E8 /* Producto.swift in Sources */ = {isa = PBXBuildFile; fileRef = EF7D60BE295CF4A2006512E8 /* Producto.swift */; };
		EF7D60C1295CF53E006512E8 /* ProductoForm.swift in Sources */ = {isa = PBXBuildFile; fileRef = EF7D60C0295CF53E006512E8 /* ProductoForm.swift */; };
		EF7D60C3295CF5EB006512E8 /* ProductoViewModel.swift in Sources */ = {isa = PBXBuildFile; fileRef = EF7D60C2295CF5EB006512E8 /* ProductoViewModel.swift */; };
		EF7D60C5295D1687006512E8 /* Proveedor.swift in Sources */ = {isa = PBXBuildFile; fileRef = EF7D60C4295D1687006512E8 /* Proveedor.swift */; };
		EF7D60C7295D16D0006512E8 /* Departamento.swift in Sources */ = {isa = PBXBuildFile; fileRef = EF7D60C6295D16D0006512E8 /* Departamento.swift */; };
		EF7D60C9295D16E6006512E8 /* Area.swift in Sources */ = {isa = PBXBuildFile; fileRef = EF7D60C8295D16E6006512E8 /* Area.swift */; };
		EF8002692970884200A2B3EB /* ProveedorViewModel.swift in Sources */ = {isa = PBXBuildFile; fileRef = EF8002682970884200A2B3EB /* ProveedorViewModel.swift */; };
		EF80026D29708B2200A2B3EB /* AreaViewModel.swift in Sources */ = {isa = PBXBuildFile; fileRef = EF80026C29708B2200A2B3EB /* AreaViewModel.swift */; };
		EF8BCFA4296BA5CF0085E955 /* DepartamentoViewController.swift in Sources */ = {isa = PBXBuildFile; fileRef = EF8BCFA3296BA5CF0085E955 /* DepartamentoViewController.swift */; };
		EF8BCFA6296BA6770085E955 /* GetAllDepartamentoTableViewController.swift in Sources */ = {isa = PBXBuildFile; fileRef = EF8BCFA5296BA6770085E955 /* GetAllDepartamentoTableViewController.swift */; };
		EF8BCFAA296BABCB0085E955 /* DepartamentoViewModel.swift in Sources */ = {isa = PBXBuildFile; fileRef = EF8BCFA9296BABCB0085E955 /* DepartamentoViewModel.swift */; };
		EF8BCFB4296BCF630085E955 /* DepartamentoTableViewCell.swift in Sources */ = {isa = PBXBuildFile; fileRef = EF8BCFB2296BCF630085E955 /* DepartamentoTableViewCell.swift */; };
		EF8C59A62971BC3D0064E1C3 /* GoogleService-Info.plist in Resources */ = {isa = PBXBuildFile; fileRef = EF8C59A52971BC3D0064E1C3 /* GoogleService-Info.plist */; };
		EF8C59AB2971C9CE0064E1C3 /* AuthUsuarioViewController.swift in Sources */ = {isa = PBXBuildFile; fileRef = EF8C59AA2971C9CE0064E1C3 /* AuthUsuarioViewController.swift */; };
		EFA2E44C2979A6B500473CF4 /* GetAllAreaViewController.swift in Sources */ = {isa = PBXBuildFile; fileRef = EFA2E44B2979A6B500473CF4 /* GetAllAreaViewController.swift */; };
		EFA7C788297F0A750045AE2C /* DetallesViewController.swift in Sources */ = {isa = PBXBuildFile; fileRef = EFA7C787297F0A750045AE2C /* DetallesViewController.swift */; };
		EFA7C78F297F184A0045AE2C /* DetallesTableViewCell.swift in Sources */ = {isa = PBXBuildFile; fileRef = EFA7C78D297F184A0045AE2C /* DetallesTableViewCell.swift */; };
		EFA7C790297F184A0045AE2C /* DetallesTableViewCell.xib in Resources */ = {isa = PBXBuildFile; fileRef = EFA7C78E297F184A0045AE2C /* DetallesTableViewCell.xib */; };
		EFA9CCDA297724540052D6C4 /* OdiazEcommerceUITests.swift in Sources */ = {isa = PBXBuildFile; fileRef = EFA9CCD9297724540052D6C4 /* OdiazEcommerceUITests.swift */; };
		EFA9CCDC297724540052D6C4 /* OdiazEcommerceUITestsLaunchTests.swift in Sources */ = {isa = PBXBuildFile; fileRef = EFA9CCDB297724540052D6C4 /* OdiazEcommerceUITestsLaunchTests.swift */; };
		EFA9CCE9297724740052D6C4 /* OdiazEcommerceTests.swift in Sources */ = {isa = PBXBuildFile; fileRef = EFA9CCE8297724740052D6C4 /* OdiazEcommerceTests.swift */; };
		EFBB17802972288B00FBDB2B /* VentasCardCollectionViewCell.swift in Sources */ = {isa = PBXBuildFile; fileRef = EFBB177E2972288B00FBDB2B /* VentasCardCollectionViewCell.swift */; };
		EFBB17812972288B00FBDB2B /* VentasCardCollectionViewCell.xib in Resources */ = {isa = PBXBuildFile; fileRef = EFBB177F2972288B00FBDB2B /* VentasCardCollectionViewCell.xib */; };
		EFBB178A297231C800FBDB2B /* ProductoVentasCollectionViewCell.swift in Sources */ = {isa = PBXBuildFile; fileRef = EFBB1788297231C800FBDB2B /* ProductoVentasCollectionViewCell.swift */; };
		EFBB178B297231C800FBDB2B /* ProductoVentasCollectionViewCell.xib in Resources */ = {isa = PBXBuildFile; fileRef = EFBB1789297231C800FBDB2B /* ProductoVentasCollectionViewCell.xib */; };
		EFC7F4BF2968D0F100612E43 /* User.png in Resources */ = {isa = PBXBuildFile; fileRef = EFC7F4BE2968D0F100612E43 /* User.png */; };
		EFC7F4C32968EDF500612E43 /* Usuario.swift in Sources */ = {isa = PBXBuildFile; fileRef = EFC7F4C22968EDF500612E43 /* Usuario.swift */; };
		EFCAF2CC2979D2AE002F6D5A /* FirebaseViewModel.swift in Sources */ = {isa = PBXBuildFile; fileRef = EFCAF2CB2979D2AE002F6D5A /* FirebaseViewModel.swift */; };
		EFD862152964AD15006F7DCA /* User.webp in Resources */ = {isa = PBXBuildFile; fileRef = EFD862142964AD15006F7DCA /* User.webp */; };
/* End PBXBuildFile section */

/* Begin PBXContainerItemProxy section */
		EFA9CCDD297724540052D6C4 /* PBXContainerItemProxy */ = {
			isa = PBXContainerItemProxy;
			containerPortal = EF7D6094295CAAA8006512E8 /* Project object */;
			proxyType = 1;
			remoteGlobalIDString = EF7D609B295CAAA8006512E8;
			remoteInfo = OdiazEcommerce;
		};
		EFA9CCEA297724740052D6C4 /* PBXContainerItemProxy */ = {
			isa = PBXContainerItemProxy;
			containerPortal = EF7D6094295CAAA8006512E8 /* Project object */;
			proxyType = 1;
			remoteGlobalIDString = EF7D609B295CAAA8006512E8;
			remoteInfo = OdiazEcommerce;
		};
/* End PBXContainerItemProxy section */

/* Begin PBXFileReference section */
		8E1F956B53AFFECC12D06385 /* Pods-OdiazEcommerce.debug.xcconfig */ = {isa = PBXFileReference; includeInIndex = 1; lastKnownFileType = text.xcconfig; name = "Pods-OdiazEcommerce.debug.xcconfig"; path = "Target Support Files/Pods-OdiazEcommerce/Pods-OdiazEcommerce.debug.xcconfig"; sourceTree = "<group>"; };
		931EED727AB836862B586E2C /* Pods-OdiazEcommerce.release.xcconfig */ = {isa = PBXFileReference; includeInIndex = 1; lastKnownFileType = text.xcconfig; name = "Pods-OdiazEcommerce.release.xcconfig"; path = "Target Support Files/Pods-OdiazEcommerce/Pods-OdiazEcommerce.release.xcconfig"; sourceTree = "<group>"; };
		C5BEE3CDBC7F24AFCFC7FE2C /* Pods_OdiazEcommerce.framework */ = {isa = PBXFileReference; explicitFileType = wrapper.framework; includeInIndex = 0; path = Pods_OdiazEcommerce.framework; sourceTree = BUILT_PRODUCTS_DIR; };
		EF0E7F7E2984320C000F35CF /* Prueba.swift */ = {isa = PBXFileReference; lastKnownFileType = sourcecode.swift; path = Prueba.swift; sourceTree = "<group>"; };
		EF30CA822975B7CF00A843CB /* GetAllAreaCollectionViewController.swift */ = {isa = PBXFileReference; lastKnownFileType = sourcecode.swift; path = GetAllAreaCollectionViewController.swift; sourceTree = "<group>"; };
		EF30CA852975D92700A843CB /* GetByIdAreaCollectionViewController.swift */ = {isa = PBXFileReference; lastKnownFileType = sourcecode.swift; path = GetByIdAreaCollectionViewController.swift; sourceTree = "<group>"; };
		EF30CA882975FAEB00A843CB /* GetByIdDepartamentoCollectionViewController.swift */ = {isa = PBXFileReference; lastKnownFileType = sourcecode.swift; path = GetByIdDepartamentoCollectionViewController.swift; sourceTree = "<group>"; };
		EF3F4780296CE67C00681A07 /* UsuarioFromController.swift */ = {isa = PBXFileReference; lastKnownFileType = sourcecode.swift; path = UsuarioFromController.swift; sourceTree = "<group>"; };
		EF3F4783296CE7E600681A07 /* UsuarioViewModel.swift */ = {isa = PBXFileReference; lastKnownFileType = sourcecode.swift; path = UsuarioViewModel.swift; sourceTree = "<group>"; };
		EF59A0D2295F76EE00EDB7C6 /* GetAllTableViewController.swift */ = {isa = PBXFileReference; lastKnownFileType = sourcecode.swift; path = GetAllTableViewController.swift; sourceTree = "<group>"; };
		EF59A0D4295F773A00EDB7C6 /* ProductoTableViewCell.swift */ = {isa = PBXFileReference; lastKnownFileType = sourcecode.swift; path = ProductoTableViewCell.swift; sourceTree = "<group>"; };
		EF59A0D5295F773A00EDB7C6 /* ProductoTableViewCell.xib */ = {isa = PBXFileReference; lastKnownFileType = file.xib; path = ProductoTableViewCell.xib; sourceTree = "<group>"; };
		EF6EB4EF296DD70B000CBBF2 /* DepartamentoTableViewCell.xib */ = {isa = PBXFileReference; fileEncoding = 4; lastKnownFileType = file.xib; path = DepartamentoTableViewCell.xib; sourceTree = "<group>"; };
		EF6EB4F3296DE0AC000CBBF2 /* UsuarioTableViewCelda.swift */ = {isa = PBXFileReference; lastKnownFileType = sourcecode.swift; path = UsuarioTableViewCelda.swift; sourceTree = "<group>"; };
		EF6EB4F4296DE0AC000CBBF2 /* UsuarioTableViewCelda.xib */ = {isa = PBXFileReference; lastKnownFileType = file.xib; path = UsuarioTableViewCelda.xib; sourceTree = "<group>"; };
		EF6EB4F9296DF147000CBBF2 /* GetAllUsuarioTableViewController.swift */ = {isa = PBXFileReference; lastKnownFileType = sourcecode.swift; path = GetAllUsuarioTableViewController.swift; sourceTree = "<group>"; };
		EF7B2E0929803BA300021EEF /* VentaProducto.swift */ = {isa = PBXFileReference; lastKnownFileType = sourcecode.swift; path = VentaProducto.swift; sourceTree = "<group>"; };
		EF7B2E0B29803D5300021EEF /* Ventas.swift */ = {isa = PBXFileReference; lastKnownFileType = sourcecode.swift; path = Ventas.swift; sourceTree = "<group>"; };
		EF7B2E0D29803E0100021EEF /* MetodoPagos.swift */ = {isa = PBXFileReference; lastKnownFileType = sourcecode.swift; path = MetodoPagos.swift; sourceTree = "<group>"; };
		EF7B2E102980401300021EEF /* MetodoPagoViewModel.swift */ = {isa = PBXFileReference; lastKnownFileType = sourcecode.swift; path = MetodoPagoViewModel.swift; sourceTree = "<group>"; };
		EF7B2E122980425800021EEF /* VentasViewController.swift */ = {isa = PBXFileReference; lastKnownFileType = sourcecode.swift; path = VentasViewController.swift; sourceTree = "<group>"; };
		EF7B2E1429805E1600021EEF /* VentaProductoCarrito.swift */ = {isa = PBXFileReference; lastKnownFileType = sourcecode.swift; path = VentaProductoCarrito.swift; sourceTree = "<group>"; };
		EF7B2E16298066C100021EEF /* VentaViewModel.swift */ = {isa = PBXFileReference; lastKnownFileType = sourcecode.swift; path = VentaViewModel.swift; sourceTree = "<group>"; };
		EF7CC46B2981AF5C00BB11CC /* CarritoTableViewCell.swift */ = {isa = PBXFileReference; lastKnownFileType = sourcecode.swift; path = CarritoTableViewCell.swift; sourceTree = "<group>"; };
		EF7CC46C2981AF5C00BB11CC /* CarritoTableViewCell.xib */ = {isa = PBXFileReference; lastKnownFileType = file.xib; path = CarritoTableViewCell.xib; sourceTree = "<group>"; };
		EF7CC46F2981C1BF00BB11CC /* DetallesCeldaTableViewCell.swift */ = {isa = PBXFileReference; lastKnownFileType = sourcecode.swift; path = DetallesCeldaTableViewCell.swift; sourceTree = "<group>"; };
		EF7D609C295CAAA8006512E8 /* OdiazEcommerce.app */ = {isa = PBXFileReference; explicitFileType = wrapper.application; includeInIndex = 0; path = OdiazEcommerce.app; sourceTree = BUILT_PRODUCTS_DIR; };
		EF7D609F295CAAA8006512E8 /* AppDelegate.swift */ = {isa = PBXFileReference; lastKnownFileType = sourcecode.swift; path = AppDelegate.swift; sourceTree = "<group>"; };
		EF7D60A1295CAAA8006512E8 /* SceneDelegate.swift */ = {isa = PBXFileReference; lastKnownFileType = sourcecode.swift; path = SceneDelegate.swift; sourceTree = "<group>"; };
		EF7D60A3295CAAA8006512E8 /* ViewController.swift */ = {isa = PBXFileReference; lastKnownFileType = sourcecode.swift; path = ViewController.swift; sourceTree = "<group>"; };
		EF7D60A6295CAAA8006512E8 /* Base */ = {isa = PBXFileReference; lastKnownFileType = file.storyboard; name = Base; path = Base.lproj/Main.storyboard; sourceTree = "<group>"; };
		EF7D60A9295CAAA8006512E8 /* OdiazEcommerce.xcdatamodel */ = {isa = PBXFileReference; lastKnownFileType = wrapper.xcdatamodel; path = OdiazEcommerce.xcdatamodel; sourceTree = "<group>"; };
		EF7D60AB295CAAAC006512E8 /* Assets.xcassets */ = {isa = PBXFileReference; lastKnownFileType = folder.assetcatalog; path = Assets.xcassets; sourceTree = "<group>"; };
		EF7D60AE295CAAAC006512E8 /* Base */ = {isa = PBXFileReference; lastKnownFileType = file.storyboard; name = Base; path = Base.lproj/LaunchScreen.storyboard; sourceTree = "<group>"; };
		EF7D60B0295CAAAC006512E8 /* Info.plist */ = {isa = PBXFileReference; lastKnownFileType = text.plist.xml; path = Info.plist; sourceTree = "<group>"; };
		EF7D60BA295CAB59006512E8 /* DB.swift */ = {isa = PBXFileReference; lastKnownFileType = sourcecode.swift; path = DB.swift; sourceTree = "<group>"; };
		EF7D60BC295CF45B006512E8 /* Result.swift */ = {isa = PBXFileReference; lastKnownFileType = sourcecode.swift; path = Result.swift; sourceTree = "<group>"; };
		EF7D60BE295CF4A2006512E8 /* Producto.swift */ = {isa = PBXFileReference; lastKnownFileType = sourcecode.swift; path = Producto.swift; sourceTree = "<group>"; };
		EF7D60C0295CF53E006512E8 /* ProductoForm.swift */ = {isa = PBXFileReference; lastKnownFileType = sourcecode.swift; path = ProductoForm.swift; sourceTree = "<group>"; };
		EF7D60C2295CF5EB006512E8 /* ProductoViewModel.swift */ = {isa = PBXFileReference; lastKnownFileType = sourcecode.swift; path = ProductoViewModel.swift; sourceTree = "<group>"; };
		EF7D60C4295D1687006512E8 /* Proveedor.swift */ = {isa = PBXFileReference; lastKnownFileType = sourcecode.swift; path = Proveedor.swift; sourceTree = "<group>"; };
		EF7D60C6295D16D0006512E8 /* Departamento.swift */ = {isa = PBXFileReference; lastKnownFileType = sourcecode.swift; path = Departamento.swift; sourceTree = "<group>"; };
		EF7D60C8295D16E6006512E8 /* Area.swift */ = {isa = PBXFileReference; lastKnownFileType = sourcecode.swift; path = Area.swift; sourceTree = "<group>"; };
		EF8002682970884200A2B3EB /* ProveedorViewModel.swift */ = {isa = PBXFileReference; lastKnownFileType = sourcecode.swift; path = ProveedorViewModel.swift; sourceTree = "<group>"; };
		EF80026C29708B2200A2B3EB /* AreaViewModel.swift */ = {isa = PBXFileReference; lastKnownFileType = sourcecode.swift; path = AreaViewModel.swift; sourceTree = "<group>"; };
		EF8BCFA3296BA5CF0085E955 /* DepartamentoViewController.swift */ = {isa = PBXFileReference; lastKnownFileType = sourcecode.swift; path = DepartamentoViewController.swift; sourceTree = "<group>"; };
		EF8BCFA5296BA6770085E955 /* GetAllDepartamentoTableViewController.swift */ = {isa = PBXFileReference; lastKnownFileType = sourcecode.swift; path = GetAllDepartamentoTableViewController.swift; sourceTree = "<group>"; };
		EF8BCFA9296BABCB0085E955 /* DepartamentoViewModel.swift */ = {isa = PBXFileReference; lastKnownFileType = sourcecode.swift; path = DepartamentoViewModel.swift; sourceTree = "<group>"; };
		EF8BCFB2296BCF630085E955 /* DepartamentoTableViewCell.swift */ = {isa = PBXFileReference; lastKnownFileType = sourcecode.swift; path = DepartamentoTableViewCell.swift; sourceTree = "<group>"; };
		EF8C59A52971BC3D0064E1C3 /* GoogleService-Info.plist */ = {isa = PBXFileReference; fileEncoding = 4; lastKnownFileType = text.plist.xml; path = "GoogleService-Info.plist"; sourceTree = "<group>"; };
		EF8C59AA2971C9CE0064E1C3 /* AuthUsuarioViewController.swift */ = {isa = PBXFileReference; lastKnownFileType = sourcecode.swift; path = AuthUsuarioViewController.swift; sourceTree = "<group>"; };
		EFA2E44B2979A6B500473CF4 /* GetAllAreaViewController.swift */ = {isa = PBXFileReference; lastKnownFileType = sourcecode.swift; path = GetAllAreaViewController.swift; sourceTree = "<group>"; };
		EFA7C787297F0A750045AE2C /* DetallesViewController.swift */ = {isa = PBXFileReference; lastKnownFileType = sourcecode.swift; path = DetallesViewController.swift; sourceTree = "<group>"; };
		EFA7C78D297F184A0045AE2C /* DetallesTableViewCell.swift */ = {isa = PBXFileReference; lastKnownFileType = sourcecode.swift; path = DetallesTableViewCell.swift; sourceTree = "<group>"; };
		EFA7C78E297F184A0045AE2C /* DetallesTableViewCell.xib */ = {isa = PBXFileReference; lastKnownFileType = file.xib; path = DetallesTableViewCell.xib; sourceTree = "<group>"; };
		EFA9CCD7297724540052D6C4 /* OdiazEcommerceUITests.xctest */ = {isa = PBXFileReference; explicitFileType = wrapper.cfbundle; includeInIndex = 0; path = OdiazEcommerceUITests.xctest; sourceTree = BUILT_PRODUCTS_DIR; };
		EFA9CCD9297724540052D6C4 /* OdiazEcommerceUITests.swift */ = {isa = PBXFileReference; lastKnownFileType = sourcecode.swift; path = OdiazEcommerceUITests.swift; sourceTree = "<group>"; };
		EFA9CCDB297724540052D6C4 /* OdiazEcommerceUITestsLaunchTests.swift */ = {isa = PBXFileReference; lastKnownFileType = sourcecode.swift; path = OdiazEcommerceUITestsLaunchTests.swift; sourceTree = "<group>"; };
		EFA9CCE6297724740052D6C4 /* OdiazEcommerceTests.xctest */ = {isa = PBXFileReference; explicitFileType = wrapper.cfbundle; includeInIndex = 0; path = OdiazEcommerceTests.xctest; sourceTree = BUILT_PRODUCTS_DIR; };
		EFA9CCE8297724740052D6C4 /* OdiazEcommerceTests.swift */ = {isa = PBXFileReference; lastKnownFileType = sourcecode.swift; path = OdiazEcommerceTests.swift; sourceTree = "<group>"; };
		EFBB177E2972288B00FBDB2B /* VentasCardCollectionViewCell.swift */ = {isa = PBXFileReference; lastKnownFileType = sourcecode.swift; path = VentasCardCollectionViewCell.swift; sourceTree = "<group>"; };
		EFBB177F2972288B00FBDB2B /* VentasCardCollectionViewCell.xib */ = {isa = PBXFileReference; lastKnownFileType = file.xib; path = VentasCardCollectionViewCell.xib; sourceTree = "<group>"; };
		EFBB1788297231C800FBDB2B /* ProductoVentasCollectionViewCell.swift */ = {isa = PBXFileReference; lastKnownFileType = sourcecode.swift; path = ProductoVentasCollectionViewCell.swift; sourceTree = "<group>"; };
		EFBB1789297231C800FBDB2B /* ProductoVentasCollectionViewCell.xib */ = {isa = PBXFileReference; lastKnownFileType = file.xib; path = ProductoVentasCollectionViewCell.xib; sourceTree = "<group>"; };
		EFC7F4BE2968D0F100612E43 /* User.png */ = {isa = PBXFileReference; lastKnownFileType = image.png; path = User.png; sourceTree = "<group>"; };
		EFC7F4C22968EDF500612E43 /* Usuario.swift */ = {isa = PBXFileReference; lastKnownFileType = sourcecode.swift; path = Usuario.swift; sourceTree = "<group>"; };
		EFCAF2CB2979D2AE002F6D5A /* FirebaseViewModel.swift */ = {isa = PBXFileReference; lastKnownFileType = sourcecode.swift; path = FirebaseViewModel.swift; sourceTree = "<group>"; };
		EFD862142964AD15006F7DCA /* User.webp */ = {isa = PBXFileReference; lastKnownFileType = file; path = User.webp; sourceTree = "<group>"; };
/* End PBXFileReference section */

/* Begin PBXFrameworksBuildPhase section */
		EF7D6099295CAAA8006512E8 /* Frameworks */ = {
			isa = PBXFrameworksBuildPhase;
			buildActionMask = 2147483647;
			files = (
				C89F6682421CCD19445730F7 /* Pods_OdiazEcommerce.framework in Frameworks */,
			);
			runOnlyForDeploymentPostprocessing = 0;
		};
		EFA9CCD4297724540052D6C4 /* Frameworks */ = {
			isa = PBXFrameworksBuildPhase;
			buildActionMask = 2147483647;
			files = (
			);
			runOnlyForDeploymentPostprocessing = 0;
		};
		EFA9CCE3297724740052D6C4 /* Frameworks */ = {
			isa = PBXFrameworksBuildPhase;
			buildActionMask = 2147483647;
			files = (
			);
			runOnlyForDeploymentPostprocessing = 0;
		};
/* End PBXFrameworksBuildPhase section */

/* Begin PBXGroup section */
		7B5C619AB5E453A13F4B973A /* Pods */ = {
			isa = PBXGroup;
			children = (
				8E1F956B53AFFECC12D06385 /* Pods-OdiazEcommerce.debug.xcconfig */,
				931EED727AB836862B586E2C /* Pods-OdiazEcommerce.release.xcconfig */,
			);
			path = Pods;
			sourceTree = "<group>";
		};
		8FFC8D672F21082E4F9B9297 /* Frameworks */ = {
			isa = PBXGroup;
			children = (
				C5BEE3CDBC7F24AFCFC7FE2C /* Pods_OdiazEcommerce.framework */,
			);
			name = Frameworks;
			sourceTree = "<group>";
		};
		EF0E7F7D298431D9000F35CF /* Pruebas */ = {
			isa = PBXGroup;
			children = (
				EF0E7F7E2984320C000F35CF /* Prueba.swift */,
			);
			path = Pruebas;
			sourceTree = "<group>";
		};
		EF30CA812975B61600A843CB /* Area */ = {
			isa = PBXGroup;
			children = (
				EF30CA822975B7CF00A843CB /* GetAllAreaCollectionViewController.swift */,
				EFA2E44B2979A6B500473CF4 /* GetAllAreaViewController.swift */,
			);
			path = Area;
			sourceTree = "<group>";
		};
		EF30CA842975D84800A843CB /* Departamento */ = {
			isa = PBXGroup;
			children = (
				EF30CA852975D92700A843CB /* GetByIdAreaCollectionViewController.swift */,
			);
			path = Departamento;
			sourceTree = "<group>";
		};
		EF30CA872975FA8E00A843CB /* Producto */ = {
			isa = PBXGroup;
			children = (
				EFA7C78D297F184A0045AE2C /* DetallesTableViewCell.swift */,
				EFBB1788297231C800FBDB2B /* ProductoVentasCollectionViewCell.swift */,
				EF30CA882975FAEB00A843CB /* GetByIdDepartamentoCollectionViewController.swift */,
				EFA7C787297F0A750045AE2C /* DetallesViewController.swift */,
				EF7CC46F2981C1BF00BB11CC /* DetallesCeldaTableViewCell.swift */,
			);
			path = Producto;
			sourceTree = "<group>";
		};
		EF3F477F296CE5FB00681A07 /* Usuario */ = {
			isa = PBXGroup;
			children = (
				EF3F4780296CE67C00681A07 /* UsuarioFromController.swift */,
				EF6EB4F3296DE0AC000CBBF2 /* UsuarioTableViewCelda.swift */,
				EF6EB4F9296DF147000CBBF2 /* GetAllUsuarioTableViewController.swift */,
				EF8C59AA2971C9CE0064E1C3 /* AuthUsuarioViewController.swift */,
			);
			path = Usuario;
			sourceTree = "<group>";
		};
		EF3F4782296CE7A300681A07 /* Usuario */ = {
			isa = PBXGroup;
			children = (
				EF3F4783296CE7E600681A07 /* UsuarioViewModel.swift */,
			);
			path = Usuario;
			sourceTree = "<group>";
		};
		EF7B2E0629803B6300021EEF /* Ventas */ = {
			isa = PBXGroup;
			children = (
				EF7B2E0929803BA300021EEF /* VentaProducto.swift */,
				EF7B2E0B29803D5300021EEF /* Ventas.swift */,
				EF7B2E0D29803E0100021EEF /* MetodoPagos.swift */,
			);
			path = Ventas;
			sourceTree = "<group>";
		};
		EF7B2E0F29803FBE00021EEF /* Ventas */ = {
			isa = PBXGroup;
			children = (
				EF7B2E102980401300021EEF /* MetodoPagoViewModel.swift */,
				EF7B2E1429805E1600021EEF /* VentaProductoCarrito.swift */,
				EF7B2E16298066C100021EEF /* VentaViewModel.swift */,
			);
			path = Ventas;
			sourceTree = "<group>";
		};
		EF7D6093295CAAA8006512E8 = {
			isa = PBXGroup;
			children = (
				EF0E7F7D298431D9000F35CF /* Pruebas */,
				EF7D60B9295CAB22006512E8 /* Controller */,
				EF7D60B8295CAB0F006512E8 /* View */,
				EF7D60B7295CAAEB006512E8 /* ViewModel */,
				EF7D60B6295CAADB006512E8 /* Model */,
				EF7D609E295CAAA8006512E8 /* OdiazEcommerce */,
				EFA9CCD8297724540052D6C4 /* OdiazEcommerceUITests */,
				EFA9CCE7297724740052D6C4 /* OdiazEcommerceTests */,
				EF7D609D295CAAA8006512E8 /* Products */,
				7B5C619AB5E453A13F4B973A /* Pods */,
				8FFC8D672F21082E4F9B9297 /* Frameworks */,
			);
			sourceTree = "<group>";
		};
		EF7D609D295CAAA8006512E8 /* Products */ = {
			isa = PBXGroup;
			children = (
				EF7D609C295CAAA8006512E8 /* OdiazEcommerce.app */,
				EFA9CCD7297724540052D6C4 /* OdiazEcommerceUITests.xctest */,
				EFA9CCE6297724740052D6C4 /* OdiazEcommerceTests.xctest */,
			);
			name = Products;
			sourceTree = "<group>";
		};
		EF7D609E295CAAA8006512E8 /* OdiazEcommerce */ = {
			isa = PBXGroup;
			children = (
				EF7D609F295CAAA8006512E8 /* AppDelegate.swift */,
				EF7D60A1295CAAA8006512E8 /* SceneDelegate.swift */,
				EF7D60A3295CAAA8006512E8 /* ViewController.swift */,
				EF7D60AB295CAAAC006512E8 /* Assets.xcassets */,
				EFC7F4BE2968D0F100612E43 /* User.png */,
				EF7D60B0295CAAAC006512E8 /* Info.plist */,
				EF8C59A52971BC3D0064E1C3 /* GoogleService-Info.plist */,
				EF7D60A8295CAAA8006512E8 /* OdiazEcommerce.xcdatamodeld */,
			);
			path = OdiazEcommerce;
			sourceTree = "<group>";
		};
		EF7D60B6295CAADB006512E8 /* Model */ = {
			isa = PBXGroup;
			children = (
				EF7B2E0629803B6300021EEF /* Ventas */,
				EFC7F4C12968EDCE00612E43 /* Usuario */,
				EFC7F4C02968EDAD00612E43 /* Producto */,
				EF7D60BC295CF45B006512E8 /* Result.swift */,
			);
			name = Model;
			path = OdiazEcommerce/Model;
			sourceTree = "<group>";
		};
		EF7D60B7295CAAEB006512E8 /* ViewModel */ = {
			isa = PBXGroup;
			children = (
				EF7B2E0F29803FBE00021EEF /* Ventas */,
				EFCAF2CA2979D255002F6D5A /* Firebase */,
				EF80026F29708FE100A2B3EB /* Area */,
				EF80026E29708FD700A2B3EB /* Proveedor */,
				EF3F4782296CE7A300681A07 /* Usuario */,
				EF8BCFA8296BAB7E0085E955 /* Departamento */,
				EF8BCFA7296BAB600085E955 /* Producto */,
				EF7D60BA295CAB59006512E8 /* DB.swift */,
			);
			name = ViewModel;
			path = OdiazEcommerce/ViewModel;
			sourceTree = "<group>";
		};
		EF7D60B8295CAB0F006512E8 /* View */ = {
			isa = PBXGroup;
			children = (
				EFBB178229722FFA00FBDB2B /* Ventas */,
				EF9B961E296DD44C00264D49 /* Usuario */,
				EF8BCFAD296BCDB10085E955 /* Departamento */,
				EF8BCFAC296BCD9C0085E955 /* Producto */,
				EFD862142964AD15006F7DCA /* User.webp */,
				EF7D60AD295CAAAC006512E8 /* LaunchScreen.storyboard */,
				EF7D60A5295CAAA8006512E8 /* Main.storyboard */,
			);
			name = View;
			path = OdiazEcommerce/View;
			sourceTree = "<group>";
		};
		EF7D60B9295CAB22006512E8 /* Controller */ = {
			isa = PBXGroup;
			children = (
				EFBB17832972302800FBDB2B /* Ventas */,
				EF3F477F296CE5FB00681A07 /* Usuario */,
				EF8BCFA2296BA4DA0085E955 /* Departamento */,
				EF8BCFA1296BA4BC0085E955 /* Producto */,
			);
			name = Controller;
			path = OdiazEcommerce/Controller;
			sourceTree = "<group>";
		};
		EF80026E29708FD700A2B3EB /* Proveedor */ = {
			isa = PBXGroup;
			children = (
				EF8002682970884200A2B3EB /* ProveedorViewModel.swift */,
			);
			path = Proveedor;
			sourceTree = "<group>";
		};
		EF80026F29708FE100A2B3EB /* Area */ = {
			isa = PBXGroup;
			children = (
				EF80026C29708B2200A2B3EB /* AreaViewModel.swift */,
			);
			path = Area;
			sourceTree = "<group>";
		};
		EF8BCFA1296BA4BC0085E955 /* Producto */ = {
			isa = PBXGroup;
			children = (
				EF59A0D4295F773A00EDB7C6 /* ProductoTableViewCell.swift */,
				EF59A0D2295F76EE00EDB7C6 /* GetAllTableViewController.swift */,
				EF7D60C0295CF53E006512E8 /* ProductoForm.swift */,
			);
			path = Producto;
			sourceTree = "<group>";
		};
		EF8BCFA2296BA4DA0085E955 /* Departamento */ = {
			isa = PBXGroup;
			children = (
				EF8BCFB2296BCF630085E955 /* DepartamentoTableViewCell.swift */,
				EF8BCFA3296BA5CF0085E955 /* DepartamentoViewController.swift */,
				EF8BCFA5296BA6770085E955 /* GetAllDepartamentoTableViewController.swift */,
			);
			path = Departamento;
			sourceTree = "<group>";
		};
		EF8BCFA7296BAB600085E955 /* Producto */ = {
			isa = PBXGroup;
			children = (
				EF7D60C2295CF5EB006512E8 /* ProductoViewModel.swift */,
			);
			path = Producto;
			sourceTree = "<group>";
		};
		EF8BCFA8296BAB7E0085E955 /* Departamento */ = {
			isa = PBXGroup;
			children = (
				EF8BCFA9296BABCB0085E955 /* DepartamentoViewModel.swift */,
			);
			path = Departamento;
			sourceTree = "<group>";
		};
		EF8BCFAC296BCD9C0085E955 /* Producto */ = {
			isa = PBXGroup;
			children = (
				EF59A0D5295F773A00EDB7C6 /* ProductoTableViewCell.xib */,
				EFA7C78E297F184A0045AE2C /* DetallesTableViewCell.xib */,
				EF7CC46C2981AF5C00BB11CC /* CarritoTableViewCell.xib */,
			);
			path = Producto;
			sourceTree = "<group>";
		};
		EF8BCFAD296BCDB10085E955 /* Departamento */ = {
			isa = PBXGroup;
			children = (
				EF6EB4EF296DD70B000CBBF2 /* DepartamentoTableViewCell.xib */,
			);
			path = Departamento;
			sourceTree = "<group>";
		};
		EF9B961E296DD44C00264D49 /* Usuario */ = {
			isa = PBXGroup;
			children = (
				EF6EB4F4296DE0AC000CBBF2 /* UsuarioTableViewCelda.xib */,
			);
			path = Usuario;
			sourceTree = "<group>";
		};
		EFA9CCD8297724540052D6C4 /* OdiazEcommerceUITests */ = {
			isa = PBXGroup;
			children = (
				EFA9CCD9297724540052D6C4 /* OdiazEcommerceUITests.swift */,
				EFA9CCDB297724540052D6C4 /* OdiazEcommerceUITestsLaunchTests.swift */,
			);
			path = OdiazEcommerceUITests;
			sourceTree = "<group>";
		};
		EFA9CCE7297724740052D6C4 /* OdiazEcommerceTests */ = {
			isa = PBXGroup;
			children = (
				EFA9CCE8297724740052D6C4 /* OdiazEcommerceTests.swift */,
			);
			path = OdiazEcommerceTests;
			sourceTree = "<group>";
		};
		EFBB178229722FFA00FBDB2B /* Ventas */ = {
			isa = PBXGroup;
			children = (
				EFBB177F2972288B00FBDB2B /* VentasCardCollectionViewCell.xib */,
				EFBB1789297231C800FBDB2B /* ProductoVentasCollectionViewCell.xib */,
			);
			path = Ventas;
			sourceTree = "<group>";
		};
		EFBB17832972302800FBDB2B /* Ventas */ = {
			isa = PBXGroup;
			children = (
				EF7CC46B2981AF5C00BB11CC /* CarritoTableViewCell.swift */,
				EF30CA872975FA8E00A843CB /* Producto */,
				EFBB177E2972288B00FBDB2B /* VentasCardCollectionViewCell.swift */,
				EF30CA842975D84800A843CB /* Departamento */,
				EF30CA812975B61600A843CB /* Area */,
				EF7B2E122980425800021EEF /* VentasViewController.swift */,
			);
			path = Ventas;
			sourceTree = "<group>";
		};
		EFC7F4C02968EDAD00612E43 /* Producto */ = {
			isa = PBXGroup;
			children = (
				EF7D60C8295D16E6006512E8 /* Area.swift */,
				EF7D60C6295D16D0006512E8 /* Departamento.swift */,
				EF7D60C4295D1687006512E8 /* Proveedor.swift */,
				EF7D60BE295CF4A2006512E8 /* Producto.swift */,
			);
			path = Producto;
			sourceTree = "<group>";
		};
		EFC7F4C12968EDCE00612E43 /* Usuario */ = {
			isa = PBXGroup;
			children = (
				EFC7F4C22968EDF500612E43 /* Usuario.swift */,
			);
			path = Usuario;
			sourceTree = "<group>";
		};
		EFCAF2CA2979D255002F6D5A /* Firebase */ = {
			isa = PBXGroup;
			children = (
				EFCAF2CB2979D2AE002F6D5A /* FirebaseViewModel.swift */,
			);
			path = Firebase;
			sourceTree = "<group>";
		};
/* End PBXGroup section */

/* Begin PBXNativeTarget section */
		EF7D609B295CAAA8006512E8 /* OdiazEcommerce */ = {
			isa = PBXNativeTarget;
			buildConfigurationList = EF7D60B3295CAAAC006512E8 /* Build configuration list for PBXNativeTarget "OdiazEcommerce" */;
			buildPhases = (
				6C0882AB801A31977D9C7843 /* [CP] Check Pods Manifest.lock */,
				EF7D6098295CAAA8006512E8 /* Sources */,
				EF7D6099295CAAA8006512E8 /* Frameworks */,
				EF7D609A295CAAA8006512E8 /* Resources */,
				152E2B8C26D6271EA0A62B77 /* [CP] Embed Pods Frameworks */,
				EF7D10C429788337005D2ADE /* ShellScript */,
			);
			buildRules = (
			);
			dependencies = (
			);
			name = OdiazEcommerce;
			packageProductDependencies = (
			);
			productName = OdiazEcommerce;
			productReference = EF7D609C295CAAA8006512E8 /* OdiazEcommerce.app */;
			productType = "com.apple.product-type.application";
		};
		EFA9CCD6297724540052D6C4 /* OdiazEcommerceUITests */ = {
			isa = PBXNativeTarget;
			buildConfigurationList = EFA9CCDF297724540052D6C4 /* Build configuration list for PBXNativeTarget "OdiazEcommerceUITests" */;
			buildPhases = (
				EFA9CCD3297724540052D6C4 /* Sources */,
				EFA9CCD4297724540052D6C4 /* Frameworks */,
				EFA9CCD5297724540052D6C4 /* Resources */,
			);
			buildRules = (
			);
			dependencies = (
				EFA9CCDE297724540052D6C4 /* PBXTargetDependency */,
			);
			name = OdiazEcommerceUITests;
			productName = OdiazEcommerceUITests;
			productReference = EFA9CCD7297724540052D6C4 /* OdiazEcommerceUITests.xctest */;
			productType = "com.apple.product-type.bundle.ui-testing";
		};
		EFA9CCE5297724740052D6C4 /* OdiazEcommerceTests */ = {
			isa = PBXNativeTarget;
			buildConfigurationList = EFA9CCEC297724740052D6C4 /* Build configuration list for PBXNativeTarget "OdiazEcommerceTests" */;
			buildPhases = (
				EFA9CCE2297724740052D6C4 /* Sources */,
				EFA9CCE3297724740052D6C4 /* Frameworks */,
				EFA9CCE4297724740052D6C4 /* Resources */,
			);
			buildRules = (
			);
			dependencies = (
				EFA9CCEB297724740052D6C4 /* PBXTargetDependency */,
			);
			name = OdiazEcommerceTests;
			productName = OdiazEcommerceTests;
			productReference = EFA9CCE6297724740052D6C4 /* OdiazEcommerceTests.xctest */;
			productType = "com.apple.product-type.bundle.unit-test";
		};
/* End PBXNativeTarget section */

/* Begin PBXProject section */
		EF7D6094295CAAA8006512E8 /* Project object */ = {
			isa = PBXProject;
			attributes = {
				BuildIndependentTargetsInParallel = 1;
				LastSwiftUpdateCheck = 1420;
				LastUpgradeCheck = 1420;
				TargetAttributes = {
					EF7D609B295CAAA8006512E8 = {
						CreatedOnToolsVersion = 14.2;
					};
					EFA9CCD6297724540052D6C4 = {
						CreatedOnToolsVersion = 14.2;
						TestTargetID = EF7D609B295CAAA8006512E8;
					};
					EFA9CCE5297724740052D6C4 = {
						CreatedOnToolsVersion = 14.2;
						TestTargetID = EF7D609B295CAAA8006512E8;
					};
				};
			};
			buildConfigurationList = EF7D6097295CAAA8006512E8 /* Build configuration list for PBXProject "OdiazEcommerce" */;
			compatibilityVersion = "Xcode 13.0";
			developmentRegion = en;
			hasScannedForEncodings = 0;
			knownRegions = (
				en,
				Base,
			);
			mainGroup = EF7D6093295CAAA8006512E8;
			packageReferences = (
			);
			productRefGroup = EF7D609D295CAAA8006512E8 /* Products */;
			projectDirPath = "";
			projectRoot = "";
			targets = (
				EF7D609B295CAAA8006512E8 /* OdiazEcommerce */,
				EFA9CCD6297724540052D6C4 /* OdiazEcommerceUITests */,
				EFA9CCE5297724740052D6C4 /* OdiazEcommerceTests */,
			);
		};
/* End PBXProject section */

/* Begin PBXResourcesBuildPhase section */
		EF7D609A295CAAA8006512E8 /* Resources */ = {
			isa = PBXResourcesBuildPhase;
			buildActionMask = 2147483647;
			files = (
				EFC7F4BF2968D0F100612E43 /* User.png in Resources */,
				EF6EB4F6296DE0AC000CBBF2 /* UsuarioTableViewCelda.xib in Resources */,
				EF8C59A62971BC3D0064E1C3 /* GoogleService-Info.plist in Resources */,
				EFA7C790297F184A0045AE2C /* DetallesTableViewCell.xib in Resources */,
				EF7D60AF295CAAAC006512E8 /* LaunchScreen.storyboard in Resources */,
				EF7CC46E2981AF5C00BB11CC /* CarritoTableViewCell.xib in Resources */,
				EF59A0D7295F773A00EDB7C6 /* ProductoTableViewCell.xib in Resources */,
				EF7D60AC295CAAAC006512E8 /* Assets.xcassets in Resources */,
				EFBB17812972288B00FBDB2B /* VentasCardCollectionViewCell.xib in Resources */,
				EFD862152964AD15006F7DCA /* User.webp in Resources */,
				EFBB178B297231C800FBDB2B /* ProductoVentasCollectionViewCell.xib in Resources */,
				EF6EB4F0296DD70B000CBBF2 /* DepartamentoTableViewCell.xib in Resources */,
				EF7D60A7295CAAA8006512E8 /* Main.storyboard in Resources */,
			);
			runOnlyForDeploymentPostprocessing = 0;
		};
		EFA9CCD5297724540052D6C4 /* Resources */ = {
			isa = PBXResourcesBuildPhase;
			buildActionMask = 2147483647;
			files = (
			);
			runOnlyForDeploymentPostprocessing = 0;
		};
		EFA9CCE4297724740052D6C4 /* Resources */ = {
			isa = PBXResourcesBuildPhase;
			buildActionMask = 2147483647;
			files = (
			);
			runOnlyForDeploymentPostprocessing = 0;
		};
/* End PBXResourcesBuildPhase section */

/* Begin PBXShellScriptBuildPhase section */
		152E2B8C26D6271EA0A62B77 /* [CP] Embed Pods Frameworks */ = {
			isa = PBXShellScriptBuildPhase;
			buildActionMask = 2147483647;
			files = (
			);
			inputFileListPaths = (
				"${PODS_ROOT}/Target Support Files/Pods-OdiazEcommerce/Pods-OdiazEcommerce-frameworks-${CONFIGURATION}-input-files.xcfilelist",
			);
			name = "[CP] Embed Pods Frameworks";
			outputFileListPaths = (
				"${PODS_ROOT}/Target Support Files/Pods-OdiazEcommerce/Pods-OdiazEcommerce-frameworks-${CONFIGURATION}-output-files.xcfilelist",
			);
			runOnlyForDeploymentPostprocessing = 0;
			shellPath = /bin/sh;
			shellScript = "\"${PODS_ROOT}/Target Support Files/Pods-OdiazEcommerce/Pods-OdiazEcommerce-frameworks.sh\"\n";
			showEnvVarsInLog = 0;
		};
		6C0882AB801A31977D9C7843 /* [CP] Check Pods Manifest.lock */ = {
			isa = PBXShellScriptBuildPhase;
			buildActionMask = 2147483647;
			files = (
			);
			inputFileListPaths = (
			);
			inputPaths = (
				"${PODS_PODFILE_DIR_PATH}/Podfile.lock",
				"${PODS_ROOT}/Manifest.lock",
			);
			name = "[CP] Check Pods Manifest.lock";
			outputFileListPaths = (
			);
			outputPaths = (
				"$(DERIVED_FILE_DIR)/Pods-OdiazEcommerce-checkManifestLockResult.txt",
			);
			runOnlyForDeploymentPostprocessing = 0;
			shellPath = /bin/sh;
			shellScript = "diff \"${PODS_PODFILE_DIR_PATH}/Podfile.lock\" \"${PODS_ROOT}/Manifest.lock\" > /dev/null\nif [ $? != 0 ] ; then\n    # print error to STDERR\n    echo \"error: The sandbox is not in sync with the Podfile.lock. Run 'pod install' or update your CocoaPods installation.\" >&2\n    exit 1\nfi\n# This output is used by Xcode 'outputs' to avoid re-running this script phase.\necho \"SUCCESS\" > \"${SCRIPT_OUTPUT_FILE_0}\"\n";
			showEnvVarsInLog = 0;
		};
		EF7D10C429788337005D2ADE /* ShellScript */ = {
			isa = PBXShellScriptBuildPhase;
			buildActionMask = 2147483647;
			files = (
			);
			inputFileListPaths = (
			);
			inputPaths = (
				"${DWARF_DSYM_FOLDER_PATH}/${DWARF_DSYM_FILE_NAME}/Contents/Resources/DWARF/${TARGET_NAME}",
				"$(SRCROOT)/$(BUILT_PRODUCTS_DIR)/$(INFOPLIST_PATH)",
			);
			outputFileListPaths = (
			);
			outputPaths = (
			);
			runOnlyForDeploymentPostprocessing = 0;
			shellPath = /bin/sh;
			shellScript = "\"${PODS_ROOT}/FirebaseCrashlytics/run\"\n";
		};
/* End PBXShellScriptBuildPhase section */

/* Begin PBXSourcesBuildPhase section */
		EF7D6098295CAAA8006512E8 /* Sources */ = {
			isa = PBXSourcesBuildPhase;
			buildActionMask = 2147483647;
			files = (
				EF0E7F802984320C000F35CF /* Prueba.swift in Sources */,
				EF6EB4F5296DE0AC000CBBF2 /* UsuarioTableViewCelda.swift in Sources */,
				EF3F4784296CE7E600681A07 /* UsuarioViewModel.swift in Sources */,
				EF7D60BD295CF45B006512E8 /* Result.swift in Sources */,
				EF8C59AB2971C9CE0064E1C3 /* AuthUsuarioViewController.swift in Sources */,
				EF6EB4FA296DF147000CBBF2 /* GetAllUsuarioTableViewController.swift in Sources */,
				EF7D60C1295CF53E006512E8 /* ProductoForm.swift in Sources */,
				EF3F4781296CE67C00681A07 /* UsuarioFromController.swift in Sources */,
				EF59A0D3295F76EE00EDB7C6 /* GetAllTableViewController.swift in Sources */,
				EF7D60A4295CAAA8006512E8 /* ViewController.swift in Sources */,
				EF7D60BF295CF4A2006512E8 /* Producto.swift in Sources */,
				EF7CC4702981C1BF00BB11CC /* DetallesCeldaTableViewCell.swift in Sources */,
				EFA2E44C2979A6B500473CF4 /* GetAllAreaViewController.swift in Sources */,
				EF30CA832975B7CF00A843CB /* GetAllAreaCollectionViewController.swift in Sources */,
				EFBB178A297231C800FBDB2B /* ProductoVentasCollectionViewCell.swift in Sources */,
				EF7D60C5295D1687006512E8 /* Proveedor.swift in Sources */,
				EF7D60A0295CAAA8006512E8 /* AppDelegate.swift in Sources */,
				EF8BCFB4296BCF630085E955 /* DepartamentoTableViewCell.swift in Sources */,
				EF30CA892975FAEB00A843CB /* GetByIdDepartamentoCollectionViewController.swift in Sources */,
				EF80026D29708B2200A2B3EB /* AreaViewModel.swift in Sources */,
				EF7B2E1529805E1600021EEF /* VentaProductoCarrito.swift in Sources */,
				EFA7C78F297F184A0045AE2C /* DetallesTableViewCell.swift in Sources */,
				EFCAF2CC2979D2AE002F6D5A /* FirebaseViewModel.swift in Sources */,
				EF7B2E0A29803BA300021EEF /* VentaProducto.swift in Sources */,
				EF7B2E132980425800021EEF /* VentasViewController.swift in Sources */,
				EF8BCFA6296BA6770085E955 /* GetAllDepartamentoTableViewController.swift in Sources */,
				EF8BCFAA296BABCB0085E955 /* DepartamentoViewModel.swift in Sources */,
				EF59A0D6295F773A00EDB7C6 /* ProductoTableViewCell.swift in Sources */,
				EFC7F4C32968EDF500612E43 /* Usuario.swift in Sources */,
				EF7B2E17298066C100021EEF /* VentaViewModel.swift in Sources */,
				EF7CC46D2981AF5C00BB11CC /* CarritoTableViewCell.swift in Sources */,
				EFBB17802972288B00FBDB2B /* VentasCardCollectionViewCell.swift in Sources */,
				EF7D60AA295CAAA8006512E8 /* OdiazEcommerce.xcdatamodeld in Sources */,
				EF7D60BB295CAB59006512E8 /* DB.swift in Sources */,
				EF7D60C7295D16D0006512E8 /* Departamento.swift in Sources */,
				EF8BCFA4296BA5CF0085E955 /* DepartamentoViewController.swift in Sources */,
				EFA7C788297F0A750045AE2C /* DetallesViewController.swift in Sources */,
				EF7D60C3295CF5EB006512E8 /* ProductoViewModel.swift in Sources */,
				EF30CA862975D92700A843CB /* GetByIdAreaCollectionViewController.swift in Sources */,
				EF8002692970884200A2B3EB /* ProveedorViewModel.swift in Sources */,
				EF7B2E112980401300021EEF /* MetodoPagoViewModel.swift in Sources */,
				EF7B2E0E29803E0100021EEF /* MetodoPagos.swift in Sources */,
				EF7D60C9295D16E6006512E8 /* Area.swift in Sources */,
				EF7B2E0C29803D5300021EEF /* Ventas.swift in Sources */,
				EF7D60A2295CAAA8006512E8 /* SceneDelegate.swift in Sources */,
			);
			runOnlyForDeploymentPostprocessing = 0;
		};
		EFA9CCD3297724540052D6C4 /* Sources */ = {
			isa = PBXSourcesBuildPhase;
			buildActionMask = 2147483647;
			files = (
				EFA9CCDA297724540052D6C4 /* OdiazEcommerceUITests.swift in Sources */,
				EFA9CCDC297724540052D6C4 /* OdiazEcommerceUITestsLaunchTests.swift in Sources */,
			);
			runOnlyForDeploymentPostprocessing = 0;
		};
		EFA9CCE2297724740052D6C4 /* Sources */ = {
			isa = PBXSourcesBuildPhase;
			buildActionMask = 2147483647;
			files = (
				EFA9CCE9297724740052D6C4 /* OdiazEcommerceTests.swift in Sources */,
			);
			runOnlyForDeploymentPostprocessing = 0;
		};
/* End PBXSourcesBuildPhase section */

/* Begin PBXTargetDependency section */
		EFA9CCDE297724540052D6C4 /* PBXTargetDependency */ = {
			isa = PBXTargetDependency;
			target = EF7D609B295CAAA8006512E8 /* OdiazEcommerce */;
			targetProxy = EFA9CCDD297724540052D6C4 /* PBXContainerItemProxy */;
		};
		EFA9CCEB297724740052D6C4 /* PBXTargetDependency */ = {
			isa = PBXTargetDependency;
			target = EF7D609B295CAAA8006512E8 /* OdiazEcommerce */;
			targetProxy = EFA9CCEA297724740052D6C4 /* PBXContainerItemProxy */;
		};
/* End PBXTargetDependency section */

/* Begin PBXVariantGroup section */
		EF7D60A5295CAAA8006512E8 /* Main.storyboard */ = {
			isa = PBXVariantGroup;
			children = (
				EF7D60A6295CAAA8006512E8 /* Base */,
			);
			name = Main.storyboard;
			sourceTree = "<group>";
		};
		EF7D60AD295CAAAC006512E8 /* LaunchScreen.storyboard */ = {
			isa = PBXVariantGroup;
			children = (
				EF7D60AE295CAAAC006512E8 /* Base */,
			);
			name = LaunchScreen.storyboard;
			sourceTree = "<group>";
		};
/* End PBXVariantGroup section */

/* Begin XCBuildConfiguration section */
		EF7D60B1295CAAAC006512E8 /* Debug */ = {
			isa = XCBuildConfiguration;
			buildSettings = {
				ALWAYS_SEARCH_USER_PATHS = NO;
				CLANG_ANALYZER_NONNULL = YES;
				CLANG_ANALYZER_NUMBER_OBJECT_CONVERSION = YES_AGGRESSIVE;
				CLANG_CXX_LANGUAGE_STANDARD = "gnu++20";
				CLANG_ENABLE_MODULES = YES;
				CLANG_ENABLE_OBJC_ARC = YES;
				CLANG_ENABLE_OBJC_WEAK = YES;
				CLANG_WARN_BLOCK_CAPTURE_AUTORELEASING = YES;
				CLANG_WARN_BOOL_CONVERSION = YES;
				CLANG_WARN_COMMA = YES;
				CLANG_WARN_CONSTANT_CONVERSION = YES;
				CLANG_WARN_DEPRECATED_OBJC_IMPLEMENTATIONS = YES;
				CLANG_WARN_DIRECT_OBJC_ISA_USAGE = YES_ERROR;
				CLANG_WARN_DOCUMENTATION_COMMENTS = YES;
				CLANG_WARN_EMPTY_BODY = YES;
				CLANG_WARN_ENUM_CONVERSION = YES;
				CLANG_WARN_INFINITE_RECURSION = YES;
				CLANG_WARN_INT_CONVERSION = YES;
				CLANG_WARN_NON_LITERAL_NULL_CONVERSION = YES;
				CLANG_WARN_OBJC_IMPLICIT_RETAIN_SELF = YES;
				CLANG_WARN_OBJC_LITERAL_CONVERSION = YES;
				CLANG_WARN_OBJC_ROOT_CLASS = YES_ERROR;
				CLANG_WARN_QUOTED_INCLUDE_IN_FRAMEWORK_HEADER = YES;
				CLANG_WARN_RANGE_LOOP_ANALYSIS = YES;
				CLANG_WARN_STRICT_PROTOTYPES = YES;
				CLANG_WARN_SUSPICIOUS_MOVE = YES;
				CLANG_WARN_UNGUARDED_AVAILABILITY = YES_AGGRESSIVE;
				CLANG_WARN_UNREACHABLE_CODE = YES;
				CLANG_WARN__DUPLICATE_METHOD_MATCH = YES;
				COPY_PHASE_STRIP = NO;
				DEBUG_INFORMATION_FORMAT = "dwarf-with-dsym";
				ENABLE_STRICT_OBJC_MSGSEND = YES;
				ENABLE_TESTABILITY = YES;
				GCC_C_LANGUAGE_STANDARD = gnu11;
				GCC_DYNAMIC_NO_PIC = NO;
				GCC_NO_COMMON_BLOCKS = YES;
				GCC_OPTIMIZATION_LEVEL = 0;
				GCC_PREPROCESSOR_DEFINITIONS = (
					"DEBUG=1",
					"$(inherited)",
				);
				GCC_WARN_64_TO_32_BIT_CONVERSION = YES;
				GCC_WARN_ABOUT_RETURN_TYPE = YES_ERROR;
				GCC_WARN_UNDECLARED_SELECTOR = YES;
				GCC_WARN_UNINITIALIZED_AUTOS = YES_AGGRESSIVE;
				GCC_WARN_UNUSED_FUNCTION = YES;
				GCC_WARN_UNUSED_VARIABLE = YES;
				IPHONEOS_DEPLOYMENT_TARGET = 16.2;
				MTL_ENABLE_DEBUG_INFO = INCLUDE_SOURCE;
				MTL_FAST_MATH = YES;
				ONLY_ACTIVE_ARCH = YES;
				SDKROOT = iphoneos;
				SWIFT_ACTIVE_COMPILATION_CONDITIONS = DEBUG;
				SWIFT_OPTIMIZATION_LEVEL = "-Onone";
			};
			name = Debug;
		};
		EF7D60B2295CAAAC006512E8 /* Release */ = {
			isa = XCBuildConfiguration;
			buildSettings = {
				ALWAYS_SEARCH_USER_PATHS = NO;
				CLANG_ANALYZER_NONNULL = YES;
				CLANG_ANALYZER_NUMBER_OBJECT_CONVERSION = YES_AGGRESSIVE;
				CLANG_CXX_LANGUAGE_STANDARD = "gnu++20";
				CLANG_ENABLE_MODULES = YES;
				CLANG_ENABLE_OBJC_ARC = YES;
				CLANG_ENABLE_OBJC_WEAK = YES;
				CLANG_WARN_BLOCK_CAPTURE_AUTORELEASING = YES;
				CLANG_WARN_BOOL_CONVERSION = YES;
				CLANG_WARN_COMMA = YES;
				CLANG_WARN_CONSTANT_CONVERSION = YES;
				CLANG_WARN_DEPRECATED_OBJC_IMPLEMENTATIONS = YES;
				CLANG_WARN_DIRECT_OBJC_ISA_USAGE = YES_ERROR;
				CLANG_WARN_DOCUMENTATION_COMMENTS = YES;
				CLANG_WARN_EMPTY_BODY = YES;
				CLANG_WARN_ENUM_CONVERSION = YES;
				CLANG_WARN_INFINITE_RECURSION = YES;
				CLANG_WARN_INT_CONVERSION = YES;
				CLANG_WARN_NON_LITERAL_NULL_CONVERSION = YES;
				CLANG_WARN_OBJC_IMPLICIT_RETAIN_SELF = YES;
				CLANG_WARN_OBJC_LITERAL_CONVERSION = YES;
				CLANG_WARN_OBJC_ROOT_CLASS = YES_ERROR;
				CLANG_WARN_QUOTED_INCLUDE_IN_FRAMEWORK_HEADER = YES;
				CLANG_WARN_RANGE_LOOP_ANALYSIS = YES;
				CLANG_WARN_STRICT_PROTOTYPES = YES;
				CLANG_WARN_SUSPICIOUS_MOVE = YES;
				CLANG_WARN_UNGUARDED_AVAILABILITY = YES_AGGRESSIVE;
				CLANG_WARN_UNREACHABLE_CODE = YES;
				CLANG_WARN__DUPLICATE_METHOD_MATCH = YES;
				COPY_PHASE_STRIP = NO;
				DEBUG_INFORMATION_FORMAT = "dwarf-with-dsym";
				ENABLE_NS_ASSERTIONS = NO;
				ENABLE_STRICT_OBJC_MSGSEND = YES;
				GCC_C_LANGUAGE_STANDARD = gnu11;
				GCC_NO_COMMON_BLOCKS = YES;
				GCC_WARN_64_TO_32_BIT_CONVERSION = YES;
				GCC_WARN_ABOUT_RETURN_TYPE = YES_ERROR;
				GCC_WARN_UNDECLARED_SELECTOR = YES;
				GCC_WARN_UNINITIALIZED_AUTOS = YES_AGGRESSIVE;
				GCC_WARN_UNUSED_FUNCTION = YES;
				GCC_WARN_UNUSED_VARIABLE = YES;
				IPHONEOS_DEPLOYMENT_TARGET = 16.2;
				MTL_ENABLE_DEBUG_INFO = NO;
				MTL_FAST_MATH = YES;
				SDKROOT = iphoneos;
				SWIFT_COMPILATION_MODE = wholemodule;
				SWIFT_OPTIMIZATION_LEVEL = "-O";
				VALIDATE_PRODUCT = YES;
			};
			name = Release;
		};
		EF7D60B4295CAAAC006512E8 /* Debug */ = {
			isa = XCBuildConfiguration;
			baseConfigurationReference = 8E1F956B53AFFECC12D06385 /* Pods-OdiazEcommerce.debug.xcconfig */;
			buildSettings = {
				ASSETCATALOG_COMPILER_APPICON_NAME = AppIcon;
				ASSETCATALOG_COMPILER_GLOBAL_ACCENT_COLOR_NAME = AccentColor;
				CODE_SIGN_STYLE = Automatic;
				CURRENT_PROJECT_VERSION = 1;
				DEBUG_INFORMATION_FORMAT = "dwarf-with-dsym";
				DEVELOPMENT_TEAM = 29MPKB7M6L;
				GENERATE_INFOPLIST_FILE = YES;
				INFOPLIST_FILE = OdiazEcommerce/Info.plist;
				INFOPLIST_KEY_UIApplicationSupportsIndirectInputEvents = YES;
				INFOPLIST_KEY_UILaunchStoryboardName = LaunchScreen;
				INFOPLIST_KEY_UIMainStoryboardFile = Main;
				INFOPLIST_KEY_UISupportedInterfaceOrientations_iPad = "UIInterfaceOrientationPortrait UIInterfaceOrientationPortraitUpsideDown UIInterfaceOrientationLandscapeLeft UIInterfaceOrientationLandscapeRight";
				INFOPLIST_KEY_UISupportedInterfaceOrientations_iPhone = "UIInterfaceOrientationPortrait UIInterfaceOrientationLandscapeLeft UIInterfaceOrientationLandscapeRight";
				IPHONEOS_DEPLOYMENT_TARGET = 16.2;
				LD_RUNPATH_SEARCH_PATHS = (
					"$(inherited)",
					"@executable_path/Frameworks",
				);
				MARKETING_VERSION = 1.0;
				PRODUCT_BUNDLE_IDENTIFIER = com.digi01.OdiazEcommerce;
				PRODUCT_NAME = "$(TARGET_NAME)";
				SWIFT_EMIT_LOC_STRINGS = YES;
				SWIFT_VERSION = 5.0;
				TARGETED_DEVICE_FAMILY = "1,2";
			};
			name = Debug;
		};
		EF7D60B5295CAAAC006512E8 /* Release */ = {
			isa = XCBuildConfiguration;
			baseConfigurationReference = 931EED727AB836862B586E2C /* Pods-OdiazEcommerce.release.xcconfig */;
			buildSettings = {
				ASSETCATALOG_COMPILER_APPICON_NAME = AppIcon;
				ASSETCATALOG_COMPILER_GLOBAL_ACCENT_COLOR_NAME = AccentColor;
				CODE_SIGN_STYLE = Automatic;
				CURRENT_PROJECT_VERSION = 1;
				DEVELOPMENT_TEAM = 29MPKB7M6L;
				GENERATE_INFOPLIST_FILE = YES;
				INFOPLIST_FILE = OdiazEcommerce/Info.plist;
				INFOPLIST_KEY_UIApplicationSupportsIndirectInputEvents = YES;
				INFOPLIST_KEY_UILaunchStoryboardName = LaunchScreen;
				INFOPLIST_KEY_UIMainStoryboardFile = Main;
				INFOPLIST_KEY_UISupportedInterfaceOrientations_iPad = "UIInterfaceOrientationPortrait UIInterfaceOrientationPortraitUpsideDown UIInterfaceOrientationLandscapeLeft UIInterfaceOrientationLandscapeRight";
				INFOPLIST_KEY_UISupportedInterfaceOrientations_iPhone = "UIInterfaceOrientationPortrait UIInterfaceOrientationLandscapeLeft UIInterfaceOrientationLandscapeRight";
				IPHONEOS_DEPLOYMENT_TARGET = 16.2;
				LD_RUNPATH_SEARCH_PATHS = (
					"$(inherited)",
					"@executable_path/Frameworks",
				);
				MARKETING_VERSION = 1.0;
				PRODUCT_BUNDLE_IDENTIFIER = com.digi01.OdiazEcommerce;
				PRODUCT_NAME = "$(TARGET_NAME)";
				SWIFT_EMIT_LOC_STRINGS = YES;
				SWIFT_VERSION = 5.0;
				TARGETED_DEVICE_FAMILY = "1,2";
			};
			name = Release;
		};
		EFA9CCE0297724540052D6C4 /* Debug */ = {
			isa = XCBuildConfiguration;
			buildSettings = {
				CODE_SIGN_STYLE = Automatic;
				CURRENT_PROJECT_VERSION = 1;
				DEVELOPMENT_TEAM = 29MPKB7M6L;
				GENERATE_INFOPLIST_FILE = YES;
				MARKETING_VERSION = 1.0;
				PRODUCT_BUNDLE_IDENTIFIER = com.digi01.OdiazEcommerceUITests;
				PRODUCT_NAME = "$(TARGET_NAME)";
				SWIFT_EMIT_LOC_STRINGS = NO;
				SWIFT_VERSION = 5.0;
				TARGETED_DEVICE_FAMILY = "1,2";
				TEST_TARGET_NAME = OdiazEcommerce;
			};
			name = Debug;
		};
		EFA9CCE1297724540052D6C4 /* Release */ = {
			isa = XCBuildConfiguration;
			buildSettings = {
				CODE_SIGN_STYLE = Automatic;
				CURRENT_PROJECT_VERSION = 1;
				DEVELOPMENT_TEAM = 29MPKB7M6L;
				GENERATE_INFOPLIST_FILE = YES;
				MARKETING_VERSION = 1.0;
				PRODUCT_BUNDLE_IDENTIFIER = com.digi01.OdiazEcommerceUITests;
				PRODUCT_NAME = "$(TARGET_NAME)";
				SWIFT_EMIT_LOC_STRINGS = NO;
				SWIFT_VERSION = 5.0;
				TARGETED_DEVICE_FAMILY = "1,2";
				TEST_TARGET_NAME = OdiazEcommerce;
			};
			name = Release;
		};
		EFA9CCED297724740052D6C4 /* Debug */ = {
			isa = XCBuildConfiguration;
			buildSettings = {
				BUNDLE_LOADER = "$(TEST_HOST)";
				CODE_SIGN_STYLE = Automatic;
				CURRENT_PROJECT_VERSION = 1;
				DEVELOPMENT_TEAM = 29MPKB7M6L;
				GENERATE_INFOPLIST_FILE = YES;
				MARKETING_VERSION = 1.0;
				PRODUCT_BUNDLE_IDENTIFIER = com.digi01.OdiazEcommerceTests;
				PRODUCT_NAME = "$(TARGET_NAME)";
				SWIFT_EMIT_LOC_STRINGS = NO;
				SWIFT_VERSION = 5.0;
				TARGETED_DEVICE_FAMILY = "1,2";
				TEST_HOST = "$(BUILT_PRODUCTS_DIR)/OdiazEcommerce.app/$(BUNDLE_EXECUTABLE_FOLDER_PATH)/OdiazEcommerce";
				USER_HEADER_SEARCH_PATHS = "/Users/macbookmba8/Documents/DIAZ\\ MUÑOZ\\ OMAR/Ecommerce/OdiazEcommerce";
			};
			name = Debug;
		};
		EFA9CCEE297724740052D6C4 /* Release */ = {
			isa = XCBuildConfiguration;
			buildSettings = {
				BUNDLE_LOADER = "$(TEST_HOST)";
				CODE_SIGN_STYLE = Automatic;
				CURRENT_PROJECT_VERSION = 1;
				DEVELOPMENT_TEAM = 29MPKB7M6L;
				GENERATE_INFOPLIST_FILE = YES;
				MARKETING_VERSION = 1.0;
				PRODUCT_BUNDLE_IDENTIFIER = com.digi01.OdiazEcommerceTests;
				PRODUCT_NAME = "$(TARGET_NAME)";
				SWIFT_EMIT_LOC_STRINGS = NO;
				SWIFT_VERSION = 5.0;
				TARGETED_DEVICE_FAMILY = "1,2";
				TEST_HOST = "$(BUILT_PRODUCTS_DIR)/OdiazEcommerce.app/$(BUNDLE_EXECUTABLE_FOLDER_PATH)/OdiazEcommerce";
				USER_HEADER_SEARCH_PATHS = "/Users/macbookmba8/Documents/DIAZ\\ MUÑOZ\\ OMAR/Ecommerce/OdiazEcommerce";
			};
			name = Release;
		};
/* End XCBuildConfiguration section */

/* Begin XCConfigurationList section */
		EF7D6097295CAAA8006512E8 /* Build configuration list for PBXProject "OdiazEcommerce" */ = {
			isa = XCConfigurationList;
			buildConfigurations = (
				EF7D60B1295CAAAC006512E8 /* Debug */,
				EF7D60B2295CAAAC006512E8 /* Release */,
			);
			defaultConfigurationIsVisible = 0;
			defaultConfigurationName = Release;
		};
		EF7D60B3295CAAAC006512E8 /* Build configuration list for PBXNativeTarget "OdiazEcommerce" */ = {
			isa = XCConfigurationList;
			buildConfigurations = (
				EF7D60B4295CAAAC006512E8 /* Debug */,
				EF7D60B5295CAAAC006512E8 /* Release */,
			);
			defaultConfigurationIsVisible = 0;
			defaultConfigurationName = Release;
		};
		EFA9CCDF297724540052D6C4 /* Build configuration list for PBXNativeTarget "OdiazEcommerceUITests" */ = {
			isa = XCConfigurationList;
			buildConfigurations = (
				EFA9CCE0297724540052D6C4 /* Debug */,
				EFA9CCE1297724540052D6C4 /* Release */,
			);
			defaultConfigurationIsVisible = 0;
			defaultConfigurationName = Release;
		};
		EFA9CCEC297724740052D6C4 /* Build configuration list for PBXNativeTarget "OdiazEcommerceTests" */ = {
			isa = XCConfigurationList;
			buildConfigurations = (
				EFA9CCED297724740052D6C4 /* Debug */,
				EFA9CCEE297724740052D6C4 /* Release */,
			);
			defaultConfigurationIsVisible = 0;
			defaultConfigurationName = Release;
		};
/* End XCConfigurationList section */

/* Begin XCVersionGroup section */
		EF7D60A8295CAAA8006512E8 /* OdiazEcommerce.xcdatamodeld */ = {
			isa = XCVersionGroup;
			children = (
				EF7D60A9295CAAA8006512E8 /* OdiazEcommerce.xcdatamodel */,
			);
			currentVersion = EF7D60A9295CAAA8006512E8 /* OdiazEcommerce.xcdatamodel */;
			path = OdiazEcommerce.xcdatamodeld;
			sourceTree = "<group>";
			versionGroupType = wrapper.xcdatamodel;
		};
/* End XCVersionGroup section */
	};
	rootObject = EF7D6094295CAAA8006512E8 /* Project object */;
}
